# THIS IS AN AUTOGENERATED FILE. DO NOT EDIT THIS FILE DIRECTLY.
# yarn lockfile v1


bootstrap@^4.0.0:
  version "4.0.0"
  resolved "https://registry.yarnpkg.com/bootstrap/-/bootstrap-4.0.0.tgz#ceb03842c145fcc1b9b4e15da2a05656ba68469a"

jquery@^3.3.1:
  version "3.3.1"
  resolved "https://registry.yarnpkg.com/jquery/-/jquery-3.3.1.tgz#958ce29e81c9790f31be7792df5d4d95fc57fbca"

normalize.css@^8.0.0:
  version "8.0.0"
  resolved "https://registry.yarnpkg.com/normalize.css/-/normalize.css-8.0.0.tgz#14ac5e461612538a4ce9be90a7da23f86e718493"

nouislider@^11.0.3:
  version "11.0.3"
  resolved "https://registry.yarnpkg.com/nouislider/-/nouislider-11.0.3.tgz#a45a31bb7846bbced498afa514a513da197d22b2"

reset@^0.1.0:
  version "0.1.0"
  resolved "https://registry.yarnpkg.com/reset/-/reset-0.1.0.tgz#9fc7314171995ae6cb0b7e58b06ce7522af4bafb"
